github.com/HugoBlox/hugo-blox-builder/modules/blox-analytics v0.1.2 h1:MUy48hWGsmL9bo3KpEKXIcNE8ajo6RuMmR7PnICLRDo=
github.com/HugoBlox/hugo-blox-builder/modules/blox-analytics v0.1.2/go.mod h1:0YQtVvRLCzZOpPmbVNk7WDx8t19/QfRTFO+pwyqQNk8=
github.com/HugoBlox/hugo-blox-builder/modules/blox-plugin-netlify v1.1.2-0.20240813182432-8778c4b5ed89 h1:NBcqvNItQf3fOQZO2i5uWDe7k9+rX1n8dcYwQCJ31Ok=
github.com/HugoBlox/hugo-blox-builder/modules/blox-plugin-netlify v1.1.2-0.20240813182432-8778c4b5ed89/go.mod h1:C7jfxMLv1bEUqbM9XDSmEpfOpS8w06OgqNDEcbuRgL4=
github.com/HugoBlox/hugo-blox-builder/modules/blox-tailwind v0.2.0 h1:W1N6SfS/o+/CRlFSJCPHe0dlpcRUutCkg+FIvNmM4EI=
github.com/HugoBlox/hugo-blox-builder/modules/blox-tailwind v0.2.0/go.mod h1:ABVWybDpTvDuzd9Ae4IX4B1uCSnEnbtqj2j5iaxlmVM=
